{
  "name": "tictactoe-server",
  "version": "1.0.0",
  "lockfileVersion": 3,
  "requires": true,
  "packages": {
    "": {
      "name": "tictactoe-server",
      "version": "1.0.0",
      "dependencies": {
        "nakama-runtime": "https://codeload.github.com/heroiclabs/nakama-common/tar.gz/202c48da4fb178809a8114849ae32d65fdf1a3b7"
      },
      "devDependencies": {
        "typescript": "^5.0.0"
      }
    },
    "node_modules/nakama-runtime": {
      "version": "1.45.0",
      "resolved": "https://codeload.github.com/heroiclabs/nakama-common/tar.gz/202c48da4fb178809a8114849ae32d65fdf1a3b7",
      "integrity": "sha512-BzylK3SGxkcp7j+xs4ii7E26jgXT46jJu/xpMe/+oZyENnMaUbJccr2NZs8IOILF876//2Rxa1xmBJxIZn/ZFw==",
      "license": "Apache-2.0"
    },
    "node_modules/typescript": {
      "version": "5.9.3",
      "resolved": "https://registry.npmjs.org/typescript/-/typescript-5.9.3.tgz",
      "integrity": "sha512-jl1vZzPDinLr9eUt3J/t7V6FgNEw9QjvBPdysz9KfQDD41fQrC2Y4vKQdiaUpFT4bXlb1RHhLpp8wtm6M5TgSw==",
      "dev": true,
      "license": "Apache-2.0",
      "bin": {
        "tsc": "bin/tsc",
        "tsserver": "bin/tsserver"
      },
      "engines": {
        "node": ">=14.17"
      }
    }
  }
}
